
Microsoft Visual Studio Solution File, Format Version 12.00
# Visual Studio Version 17
VisualStudioVersion = 17.5.002.0
MinimumVisualStudioVersion = 10.0.40219.1
Project("{9A19103F-16F7-4668-BE54-9A1E7A4F7556}") = "DesafioPOO", "DesafioPOO.csproj", "{018AC333-D1DA-4B11-B04F-0771251F9823}"
EndProject
Global
	GlobalSection(SolutionConfigurationPlatforms) = preSolution
		Debug|Any CPU = Debug|Any CPU
		Release|Any CPU = Release|Any CPU
	EndGlobalSection
	GlobalSection(ProjectConfigurationPlatforms) = postSolution
		{018AC333-D1DA-4B11-B04F-0771251F9823}.Debug|Any CPU.ActiveCfg = Debug|Any CPU
		{018AC333-D1DA-4B11-B04F-0771251F9823}.Debug|Any CPU.Build.0 = Debug|Any CPU
		{018AC333-D1DA-4B11-B04F-0771251F9823}.Release|Any CPU.ActiveCfg = Release|Any CPU
		{018AC333-D1DA-4B11-B04F-0771251F9823}.Release|Any CPU.Build.0 = Release|Any CPU
	EndGlobalSection
	GlobalSection(SolutionProperties) = preSolution
		HideSolutionNode = FALSE
	EndGlobalSection
	GlobalSection(ExtensibilityGlobals) = postSolution
		SolutionGuid = {BBA48099-6134-4834-9C89-0FB3B4BF5FE6}
	EndGlobalSection
EndGlobal
